
Microsoft Visual Studio Solution File, Format Version 12.00
Project("{FAE04EC0-301F-11D3-BF4B-00C04F79EFBC}") = "UI.Web", "UI\UI.Web\UI.Web.csproj", "{A09842DC-FB06-468B-8DAC-3217216DD79D}"
EndProject
Project("{FAE04EC0-301F-11D3-BF4B-00C04F79EFBC}") = "UI.NetCore", "UI\UI.NetCore\UI.NetCore.csproj", "{227ACF6C-A6A3-49B5-9C0A-99E5F1DC6E6C}"
EndProject
Project("{FAE04EC0-301F-11D3-BF4B-00C04F79EFBC}") = "UI", "UI\UI\UI.csproj", "{60DB434C-E9F1-4FA4-BFF9-CDC2AD8B53E5}"
EndProject
Global
	GlobalSection(SolutionConfigurationPlatforms) = preSolution
		Debug|Any CPU = Debug|Any CPU
		Release|Any CPU = Release|Any CPU
	EndGlobalSection
	GlobalSection(ProjectConfigurationPlatforms) = postSolution
		{A09842DC-FB06-468B-8DAC-3217216DD79D}.Debug|Any CPU.ActiveCfg = Debug|Any CPU
		{A09842DC-FB06-468B-8DAC-3217216DD79D}.Debug|Any CPU.Build.0 = Debug|Any CPU
		{A09842DC-FB06-468B-8DAC-3217216DD79D}.Release|Any CPU.ActiveCfg = Release|Any CPU
		{A09842DC-FB06-468B-8DAC-3217216DD79D}.Release|Any CPU.Build.0 = Release|Any CPU
		{227ACF6C-A6A3-49B5-9C0A-99E5F1DC6E6C}.Debug|Any CPU.ActiveCfg = Debug|Any CPU
		{227ACF6C-A6A3-49B5-9C0A-99E5F1DC6E6C}.Debug|Any CPU.Build.0 = Debug|Any CPU
		{227ACF6C-A6A3-49B5-9C0A-99E5F1DC6E6C}.Release|Any CPU.ActiveCfg = Release|Any CPU
		{227ACF6C-A6A3-49B5-9C0A-99E5F1DC6E6C}.Release|Any CPU.Build.0 = Release|Any CPU
		{60DB434C-E9F1-4FA4-BFF9-CDC2AD8B53E5}.Debug|Any CPU.ActiveCfg = Debug|Any CPU
		{60DB434C-E9F1-4FA4-BFF9-CDC2AD8B53E5}.Debug|Any CPU.Build.0 = Debug|Any CPU
		{60DB434C-E9F1-4FA4-BFF9-CDC2AD8B53E5}.Release|Any CPU.ActiveCfg = Release|Any CPU
		{60DB434C-E9F1-4FA4-BFF9-CDC2AD8B53E5}.Release|Any CPU.Build.0 = Release|Any CPU
	EndGlobalSection
EndGlobal
